
Microsoft Visual Studio Solution File, Format Version 11.00
# Visual Studio 2010
Project("{FAE04EC0-301F-11D3-BF4B-00C04F79EFBC}") = "MyFileSystemWatcherText", "MyFileSystemWatcherText\MyFileSystemWatcherText.csproj", "{4C313EF0-608C-4239-8FBC-E76E8A167C61}"
EndProject
Project("{FAE04EC0-301F-11D3-BF4B-00C04F79EFBC}") = "TestProject1", "TestProject1\TestProject1.csproj", "{370224A4-35F7-4A23-8D8B-49CDDD12358D}"
EndProject
Project("{2150E333-8FDC-42A3-9474-1A3956D46DE8}") = "Solution Items", "Solution Items", "{ACB211E7-E85F-4FAC-8F28-BF77D4E7FA83}"
	ProjectSection(SolutionItems) = preProject
		Local.testsettings = Local.testsettings
		MyFileSystemWatcherText.vsmdi = MyFileSystemWatcherText.vsmdi
		TraceAndTestImpact.testsettings = TraceAndTestImpact.testsettings
	EndProjectSection
EndProject
Global
	GlobalSection(TestCaseManagementSettings) = postSolution
		CategoryFile = MyFileSystemWatcherText.vsmdi
	EndGlobalSection
	GlobalSection(SolutionConfigurationPlatforms) = preSolution
		Debug|Any CPU = Debug|Any CPU
		Release|Any CPU = Release|Any CPU
	EndGlobalSection
	GlobalSection(ProjectConfigurationPlatforms) = postSolution
		{4C313EF0-608C-4239-8FBC-E76E8A167C61}.Debug|Any CPU.ActiveCfg = Debug|Any CPU
		{4C313EF0-608C-4239-8FBC-E76E8A167C61}.Debug|Any CPU.Build.0 = Debug|Any CPU
		{4C313EF0-608C-4239-8FBC-E76E8A167C61}.Release|Any CPU.ActiveCfg = Release|Any CPU
		{4C313EF0-608C-4239-8FBC-E76E8A167C61}.Release|Any CPU.Build.0 = Release|Any CPU
		{370224A4-35F7-4A23-8D8B-49CDDD12358D}.Debug|Any CPU.ActiveCfg = Debug|Any CPU
		{370224A4-35F7-4A23-8D8B-49CDDD12358D}.Debug|Any CPU.Build.0 = Debug|Any CPU
		{370224A4-35F7-4A23-8D8B-49CDDD12358D}.Release|Any CPU.ActiveCfg = Release|Any CPU
		{370224A4-35F7-4A23-8D8B-49CDDD12358D}.Release|Any CPU.Build.0 = Release|Any CPU
	EndGlobalSection
	GlobalSection(SolutionProperties) = preSolution
		HideSolutionNode = FALSE
	EndGlobalSection
EndGlobal
